// !$*UTF8*$!
{
	archiveVersion = 1;
	classes = {
	};
	objectVersion = 46;
	objects = {

/* Begin PBXBuildFile section */
		112D43D81ECBA12800063F7B /* AppDelegate.swift in Sources */ = {isa = PBXBuildFile; fileRef = 112D43D71ECBA12800063F7B /* AppDelegate.swift */; };
		112D43DA1ECBA12800063F7B /* ViewController.swift in Sources */ = {isa = PBXBuildFile; fileRef = 112D43D91ECBA12800063F7B /* ViewController.swift */; };
		112D43DD1ECBA12800063F7B /* Main.storyboard in Resources */ = {isa = PBXBuildFile; fileRef = 112D43DB1ECBA12800063F7B /* Main.storyboard */; };
		112D43DF1ECBA12800063F7B /* Assets.xcassets in Resources */ = {isa = PBXBuildFile; fileRef = 112D43DE1ECBA12800063F7B /* Assets.xcassets */; };
		112D43E21ECBA12800063F7B /* LaunchScreen.storyboard in Resources */ = {isa = PBXBuildFile; fileRef = 112D43E01ECBA12800063F7B /* LaunchScreen.storyboard */; };
/* End PBXBuildFile section */

/* Begin PBXFileReference section */
		112D43D41ECBA12800063F7B /* trainingTool.app */ = {isa = PBXFileReference; explicitFileType = wrapper.application; includeInIndex = 0; path = trainingTool.app; sourceTree = BUILT_PRODUCTS_DIR; };
		112D43D71ECBA12800063F7B /* AppDelegate.swift */ = {isa = PBXFileReference; lastKnownFileType = sourcecode.swift; path = AppDelegate.swift; sourceTree = "<group>"; };
		112D43D91ECBA12800063F7B /* ViewController.swift */ = {isa = PBXFileReference; lastKnownFileType = sourcecode.swift; path = ViewController.swift; sourceTree = "<group>"; };
		112D43DC1ECBA12800063F7B /* Base */ = {isa = PBXFileReference; lastKnownFileType = file.storyboard; name = Base; path = Base.lproj/Main.storyboard; sourceTree = "<group>"; };
		112D43DE1ECBA12800063F7B /* Assets.xcassets */ = {isa = PBXFileReference; lastKnownFileType = folder.assetcatalog; path = Assets.xcassets; sourceTree = "<group>"; };
		112D43E11ECBA12800063F7B /* Base */ = {isa = PBXFileReference; lastKnownFileType = file.storyboard; name = Base; path = Base.lproj/LaunchScreen.storyboard; sourceTree = "<group>"; };
		112D43E31ECBA12800063F7B /* Info.plist */ = {isa = PBXFileReference; lastKnownFileType = text.plist.xml; path = Info.plist; sourceTree = "<group>"; };
/* End PBXFileReference section */

/* Begin PBXFrameworksBuildPhase section */
		112D43D11ECBA12700063F7B /* Frameworks */ = {
			isa = PBXFrameworksBuildPhase;
			buildActionMask = 2147483647;
			files = (
			);
			runOnlyForDeploymentPostprocessing = 0;
		};
/* End PBXFrameworksBuildPhase section */

/* Begin PBXGroup section */
		112D43CB1ECBA12700063F7B = {
			isa = PBXGroup;
			children = (
				112D43D61ECBA12800063F7B /* trainingTool */,
				112D43D51ECBA12800063F7B /* Products */,
			);
			sourceTree = "<group>";
		};
		112D43D51ECBA12800063F7B /* Products */ = {
			isa = PBXGroup;
			children = (
				112D43D41ECBA12800063F7B /* trainingTool.app */,
			);
			name = Products;
			sourceTree = "<group>";
		};
		112D43D61ECBA12800063F7B /* trainingTool */ = {
			isa = PBXGroup;
			children = (
				112D43D71ECBA12800063F7B /* AppDelegate.swift */,
				112D43D91ECBA12800063F7B /* ViewController.swift */,
				112D43DB1ECBA12800063F7B /* Main.storyboard */,
				112D43DE1ECBA12800063F7B /* Assets.xcassets */,
				112D43E01ECBA12800063F7B /* LaunchScreen.storyboard */,
				112D43E31ECBA12800063F7B /* Info.plist */,
			);
			path = trainingTool;
			sourceTree = "<group>";
		};
/* End PBXGroup section */

/* Begin PBXNativeTarget section */
		112D43D31ECBA12700063F7B /* trainingTool */ = {
			isa = PBXNativeTarget;
			buildConfigurationList = 112D43E61ECBA12800063F7B /* Build configuration list for PBXNativeTarget "trainingTool" */;
			buildPhases = (
				112D43D01ECBA12700063F7B /* Sources */,
				112D43D11ECBA12700063F7B /* Frameworks */,
				112D43D21ECBA12700063F7B /* Resources */,
			);
			buildRules = (
			);
			dependencies = (
			);
			name = trainingTool;
			productName = trainingTool;
			productReference = 112D43D41ECBA12800063F7B /* trainingTool.app */;
			productType = "com.apple.product-type.application";
		};
/* End PBXNativeTarget section */

/* Begin PBXProject section */
		112D43CC1ECBA12700063F7B /* Project object */ = {
			isa = PBXProject;
			attributes = {
				LastSwiftUpdateCheck = 0830;
				LastUpgradeCheck = 0830;
				ORGANIZATIONNAME = "Brian Tolkin";
				TargetAttributes = {
					112D43D31ECBA12700063F7B = {
						CreatedOnToolsVersion = 8.3.2;
						ProvisioningStyle = Automatic;
					};
				};
			};
			buildConfigurationList = 112D43CF1ECBA12700063F7B /* Build configuration list for PBXProject "trainingTool" */;
			compatibilityVersion = "Xcode 3.2";
			developmentRegion = English;
			hasScannedForEncodings = 0;
			knownRegions = (
				en,
				Base,
			);
			mainGroup = 112D43CB1ECBA12700063F7B;
			productRefGroup = 112D43D51ECBA12800063F7B /* Products */;
			projectDirPath = "";
			projectRoot = "";
			targets = (
				112D43D31ECBA12700063F7B /* trainingTool */,
			);
		};
/* End PBXProject section */

/* Begin PBXResourcesBuildPhase section */
		112D43D21ECBA12700063F7B /* Resources */ = {
			isa = PBXResourcesBuildPhase;
			buildActionMask = 2147483647;
			files = (
				112D43E21ECBA12800063F7B /* LaunchScreen.storyboard in Resources */,
				112D43DF1ECBA12800063F7B /* Assets.xcassets in Resources */,
				112D43DD1ECBA12800063F7B /* Main.storyboard in Resources */,
			);
			runOnlyForDeploymentPostprocessing = 0;
		};
/* End PBXResourcesBuildPhase section */

/* Begin PBXSourcesBuildPhase section */
		112D43D01ECBA12700063F7B /* Sources */ = {
			isa = PBXSourcesBuildPhase;
			buildActionMask = 2147483647;
			files = (
				112D43DA1ECBA12800063F7B /* ViewController.swift in Sources */,
				112D43D81ECBA12800063F7B /* AppDelegate.swift in Sources */,
			);
			runOnlyForDeploymentPostprocessing = 0;
		};
/* End PBXSourcesBuildPhase section */

/* Begin PBXVariantGroup section */
		112D43DB1ECBA12800063F7B /* Main.storyboard */ = {
			isa = PBXVariantGroup;
			children = (
				112D43DC1ECBA12800063F7B /* Base */,
			);
			name = Main.storyboard;
			sourceTree = "<group>";
		};
		112D43E01ECBA12800063F7B /* LaunchScreen.storyboard */ = {
			isa = PBXVariantGroup;
			children = (
				112D43E11ECBA12800063F7B /* Base */,
			);
			name = LaunchScreen.storyboard;
			sourceTree = "<group>";
		};
/* End PBXVariantGroup section */

/* Begin XCBuildConfiguration section */
		112D43E41ECBA12800063F7B /* Debug */ = {
			isa = XCBuildConfiguration;
			buildSettings = {
				ALWAYS_SEARCH_USER_PATHS = NO;
				CLANG_ANALYZER_NONNULL = YES;
				CLANG_ANALYZER_NUMBER_OBJECT_CONVERSION = YES_AGGRESSIVE;
				CLANG_CXX_LANGUAGE_STANDARD = "gnu++0x";
				CLANG_CXX_LIBRARY = "libc++";
				CLANG_ENABLE_MODULES = YES;
				CLANG_ENABLE_OBJC_ARC = YES;
				CLANG_WARN_BOOL_CONVERSION = YES;
				CLANG_WARN_CONSTANT_CONVERSION = YES;
				CLANG_WARN_DIRECT_OBJC_ISA_USAGE = YES_ERROR;
				CLANG_WARN_DOCUMENTATION_COMMENTS = YES;
				CLANG_WARN_EMPTY_BODY = YES;
				CLANG_WARN_ENUM_CONVERSION = YES;
				CLANG_WARN_INFINITE_RECURSION = YES;
				CLANG_WARN_INT_CONVERSION = YES;
				CLANG_WARN_OBJC_ROOT_CLASS = YES_ERROR;
				CLANG_WARN_SUSPICIOUS_MOVE = YES;
				CLANG_WARN_UNREACHABLE_CODE = YES;
				CLANG_WARN__DUPLICATE_METHOD_MATCH = YES;
				"CODE_SIGN_IDENTITY[sdk=iphoneos*]" = "iPhone Developer";
				COPY_PHASE_STRIP = NO;
				DEBUG_INFORMATION_FORMAT = dwarf;
				ENABLE_STRICT_OBJC_MSGSEND = YES;
				ENABLE_TESTABILITY = YES;
				GCC_C_LANGUAGE_STANDARD = gnu99;
				GCC_DYNAMIC_NO_PIC = NO;
				GCC_NO_COMMON_BLOCKS = YES;
				GCC_OPTIMIZATION_LEVEL = 0;
				GCC_PREPROCESSOR_DEFINITIONS = (
					"DEBUG=1",
					"$(inherited)",
				);
				GCC_WARN_64_TO_32_BIT_CONVERSION = YES;
				GCC_WARN_ABOUT_RETURN_TYPE = YES_ERROR;
				GCC_WARN_UNDECLARED_SELECTOR = YES;
				GCC_WARN_UNINITIALIZED_AUTOS = YES_AGGRESSIVE;
				GCC_WARN_UNUSED_FUNCTION = YES;
				GCC_WARN_UNUSED_VARIABLE = YES;
				IPHONEOS_DEPLOYMENT_TARGET = 10.3;
				MTL_ENABLE_DEBUG_INFO = YES;
				ONLY_ACTIVE_ARCH = YES;
				SDKROOT = iphoneos;
				SWIFT_ACTIVE_COMPILATION_CONDITIONS = DEBUG;
				SWIFT_OPTIMIZATION_LEVEL = "-Onone";
				TARGETED_DEVICE_FAMILY = "1,2";
			};
			name = Debug;
		};
		112D43E51ECBA12800063F7B /* Release */ = {
			isa = XCBuildConfiguration;
			buildSettings = {
				ALWAYS_SEARCH_USER_PATHS = NO;
				CLANG_ANALYZER_NONNULL = YES;
				CLANG_ANALYZER_NUMBER_OBJECT_CONVERSION = YES_AGGRESSIVE;
				CLANG_CXX_LANGUAGE_STANDARD = "gnu++0x";
				CLANG_CXX_LIBRARY = "libc++";
				CLANG_ENABLE_MODULES = YES;
				CLANG_ENABLE_OBJC_ARC = YES;
				CLANG_WARN_BOOL_CONVERSION = YES;
				CLANG_WARN_CONSTANT_CONVERSION = YES;
				CLANG_WARN_DIRECT_OBJC_ISA_USAGE = YES_ERROR;
				CLANG_WARN_DOCUMENTATION_COMMENTS = YES;
				CLANG_WARN_EMPTY_BODY = YES;
				CLANG_WARN_ENUM_CONVERSION = YES;
				CLANG_WARN_INFINITE_RECURSION = YES;
				CLANG_WARN_INT_CONVERSION = YES;
				CLANG_WARN_OBJC_ROOT_CLASS = YES_ERROR;
				CLANG_WARN_SUSPICIOUS_MOVE = YES;
				CLANG_WARN_UNREACHABLE_CODE = YES;
				CLANG_WARN__DUPLICATE_METHOD_MATCH = YES;
				"CODE_SIGN_IDENTITY[sdk=iphoneos*]" = "iPhone Developer";
				COPY_PHASE_STRIP = NO;
				DEBUG_INFORMATION_FORMAT = "dwarf-with-dsym";
				ENABLE_NS_ASSERTIONS = NO;
				ENABLE_STRICT_OBJC_MSGSEND = YES;
				GCC_C_LANGUAGE_STANDARD = gnu99;
				GCC_NO_COMMON_BLOCKS = YES;
				GCC_WARN_64_TO_32_BIT_CONVERSION = YES;
				GCC_WARN_ABOUT_RETURN_TYPE = YES_ERROR;
				GCC_WARN_UNDECLARED_SELECTOR = YES;
				GCC_WARN_UNINITIALIZED_AUTOS = YES_AGGRESSIVE;
				GCC_WARN_UNUSED_FUNCTION = YES;
				GCC_WARN_UNUSED_VARIABLE = YES;
				IPHONEOS_DEPLOYMENT_TARGET = 10.3;
				MTL_ENABLE_DEBUG_INFO = NO;
				SDKROOT = iphoneos;
				SWIFT_OPTIMIZATION_LEVEL = "-Owholemodule";
				TARGETED_DEVICE_FAMILY = "1,2";
				VALIDATE_PRODUCT = YES;
			};
			name = Release;
		};
		112D43E71ECBA12800063F7B /* Debug */ = {
			isa = XCBuildConfiguration;
			buildSettings = {
				ASSETCATALOG_COMPILER_APPICON_NAME = AppIcon;
				INFOPLIST_FILE = trainingTool/Info.plist;
				LD_RUNPATH_SEARCH_PATHS = "$(inherited) @executable_path/Frameworks";
				PRODUCT_BUNDLE_IDENTIFIER = com.BrianTolkin.trainingTool;
				PRODUCT_NAME = "$(TARGET_NAME)";
				SWIFT_VERSION = 3.0;
			};
			name = Debug;
		};
		112D43E81ECBA12800063F7B /* Release */ = {
			isa = XCBuildConfiguration;
			buildSettings = {
				ASSETCATALOG_COMPILER_APPICON_NAME = AppIcon;
				INFOPLIST_FILE = trainingTool/Info.plist;
				LD_RUNPATH_SEARCH_PATHS = "$(inherited) @executable_path/Frameworks";
				PRODUCT_BUNDLE_IDENTIFIER = com.BrianTolkin.trainingTool;
				PRODUCT_NAME = "$(TARGET_NAME)";
				SWIFT_VERSION = 3.0;
			};
			name = Release;
		};
/* End XCBuildConfiguration section */

/* Begin XCConfigurationList section */
		112D43CF1ECBA12700063F7B /* Build configuration list for PBXProject "trainingTool" */ = {
			isa = XCConfigurationList;
			buildConfigurations = (
				112D43E41ECBA12800063F7B /* Debug */,
				112D43E51ECBA12800063F7B /* Release */,
			);
			defaultConfigurationIsVisible = 0;
			defaultConfigurationName = Release;
		};
		112D43E61ECBA12800063F7B /* Build configuration list for PBXNativeTarget "trainingTool" */ = {
			isa = XCConfigurationList;
			buildConfigurations = (
				112D43E71ECBA12800063F7B /* Debug */,
				112D43E81ECBA12800063F7B /* Release */,
			);
			defaultConfigurationIsVisible = 0;
		};
/* End XCConfigurationList section */
	};
	rootObject = 112D43CC1ECBA12700063F7B /* Project object */;
}
